// !$*UTF8*$!
{
	archiveVersion = 1;
	classes = {
	};
	objectVersion = 46;
	objects = {

/* Begin PBXBuildFile section */
		7CCA20F87DDC08273650D628 /* libPods.a in Frameworks */ = {isa = PBXBuildFile; fileRef = AC63006DD24ED2A56E96B00C /* libPods.a */; };
		C43776E51A8046A80017CE8D /* AppDelegate.swift in Sources */ = {isa = PBXBuildFile; fileRef = C43776E41A8046A80017CE8D /* AppDelegate.swift */; };
		C43776EA1A8046A80017CE8D /* Main.storyboard in Resources */ = {isa = PBXBuildFile; fileRef = C43776E81A8046A80017CE8D /* Main.storyboard */; };
		C43776EC1A8046A80017CE8D /* Images.xcassets in Resources */ = {isa = PBXBuildFile; fileRef = C43776EB1A8046A80017CE8D /* Images.xcassets */; };
		C43776EF1A8046A80017CE8D /* LaunchScreen.xib in Resources */ = {isa = PBXBuildFile; fileRef = C43776ED1A8046A80017CE8D /* LaunchScreen.xib */; };
		C43776FB1A8046A80017CE8D /* Rotten_TomatoesTests.swift in Sources */ = {isa = PBXBuildFile; fileRef = C43776FA1A8046A80017CE8D /* Rotten_TomatoesTests.swift */; };
		C43777051A8048AB0017CE8D /* MoviesViewController.swift in Sources */ = {isa = PBXBuildFile; fileRef = C43777041A8048AB0017CE8D /* MoviesViewController.swift */; };
		C43DE4091A84565D0004D4BD /* MovieDetailViewController.swift in Sources */ = {isa = PBXBuildFile; fileRef = C43DE4081A84565D0004D4BD /* MovieDetailViewController.swift */; };
		C47164BB1A834F110062A4F8 /* MovieCell.swift in Sources */ = {isa = PBXBuildFile; fileRef = C47164BA1A834F110062A4F8 /* MovieCell.swift */; };
/* End PBXBuildFile section */

/* Begin PBXContainerItemProxy section */
		C43776F51A8046A80017CE8D /* PBXContainerItemProxy */ = {
			isa = PBXContainerItemProxy;
			containerPortal = C43776D71A8046A80017CE8D /* Project object */;
			proxyType = 1;
			remoteGlobalIDString = C43776DE1A8046A80017CE8D;
			remoteInfo = "Rotten Tomatoes";
		};
/* End PBXContainerItemProxy section */

/* Begin PBXFileReference section */
		3C85BED69B36B07CC84A52FB /* Pods.release.xcconfig */ = {isa = PBXFileReference; includeInIndex = 1; lastKnownFileType = text.xcconfig; name = Pods.release.xcconfig; path = "Pods/Target Support Files/Pods/Pods.release.xcconfig"; sourceTree = "<group>"; };
		AC63006DD24ED2A56E96B00C /* libPods.a */ = {isa = PBXFileReference; explicitFileType = archive.ar; includeInIndex = 0; path = libPods.a; sourceTree = BUILT_PRODUCTS_DIR; };
		C43776DF1A8046A80017CE8D /* Rotten Tomatoes.app */ = {isa = PBXFileReference; explicitFileType = wrapper.application; includeInIndex = 0; path = "Rotten Tomatoes.app"; sourceTree = BUILT_PRODUCTS_DIR; };
		C43776E31A8046A80017CE8D /* Info.plist */ = {isa = PBXFileReference; lastKnownFileType = text.plist.xml; path = Info.plist; sourceTree = "<group>"; };
		C43776E41A8046A80017CE8D /* AppDelegate.swift */ = {isa = PBXFileReference; lastKnownFileType = sourcecode.swift; path = AppDelegate.swift; sourceTree = "<group>"; };
		C43776E91A8046A80017CE8D /* Base */ = {isa = PBXFileReference; lastKnownFileType = file.storyboard; name = Base; path = Base.lproj/Main.storyboard; sourceTree = "<group>"; };
		C43776EB1A8046A80017CE8D /* Images.xcassets */ = {isa = PBXFileReference; lastKnownFileType = folder.assetcatalog; path = Images.xcassets; sourceTree = "<group>"; };
		C43776EE1A8046A80017CE8D /* Base */ = {isa = PBXFileReference; lastKnownFileType = file.xib; name = Base; path = Base.lproj/LaunchScreen.xib; sourceTree = "<group>"; };
		C43776F41A8046A80017CE8D /* Rotten TomatoesTests.xctest */ = {isa = PBXFileReference; explicitFileType = wrapper.cfbundle; includeInIndex = 0; path = "Rotten TomatoesTests.xctest"; sourceTree = BUILT_PRODUCTS_DIR; };
		C43776F91A8046A80017CE8D /* Info.plist */ = {isa = PBXFileReference; lastKnownFileType = text.plist.xml; path = Info.plist; sourceTree = "<group>"; };
		C43776FA1A8046A80017CE8D /* Rotten_TomatoesTests.swift */ = {isa = PBXFileReference; lastKnownFileType = sourcecode.swift; path = Rotten_TomatoesTests.swift; sourceTree = "<group>"; };
		C43777041A8048AB0017CE8D /* MoviesViewController.swift */ = {isa = PBXFileReference; fileEncoding = 4; lastKnownFileType = sourcecode.swift; name = MoviesViewController.swift; path = ../MoviesViewController.swift; sourceTree = "<group>"; };
		C43DE4051A8450FA0004D4BD /* Rotten Tomatoes-Bridging-Header.h */ = {isa = PBXFileReference; lastKnownFileType = sourcecode.c.h; path = "Rotten Tomatoes-Bridging-Header.h"; sourceTree = "<group>"; };
		C43DE4081A84565D0004D4BD /* MovieDetailViewController.swift */ = {isa = PBXFileReference; fileEncoding = 4; lastKnownFileType = sourcecode.swift; path = MovieDetailViewController.swift; sourceTree = "<group>"; };
		C47164BA1A834F110062A4F8 /* MovieCell.swift */ = {isa = PBXFileReference; fileEncoding = 4; lastKnownFileType = sourcecode.swift; path = MovieCell.swift; sourceTree = "<group>"; };
		F0CF9B3AE457CDA44B96EF03 /* Pods.debug.xcconfig */ = {isa = PBXFileReference; includeInIndex = 1; lastKnownFileType = text.xcconfig; name = Pods.debug.xcconfig; path = "Pods/Target Support Files/Pods/Pods.debug.xcconfig"; sourceTree = "<group>"; };
/* End PBXFileReference section */

/* Begin PBXFrameworksBuildPhase section */
		C43776DC1A8046A80017CE8D /* Frameworks */ = {
			isa = PBXFrameworksBuildPhase;
			buildActionMask = 2147483647;
			files = (
				7CCA20F87DDC08273650D628 /* libPods.a in Frameworks */,
			);
			runOnlyForDeploymentPostprocessing = 0;
		};
		C43776F11A8046A80017CE8D /* Frameworks */ = {
			isa = PBXFrameworksBuildPhase;
			buildActionMask = 2147483647;
			files = (
			);
			runOnlyForDeploymentPostprocessing = 0;
		};
/* End PBXFrameworksBuildPhase section */

/* Begin PBXGroup section */
		C43776D61A8046A80017CE8D = {
			isa = PBXGroup;
			children = (
				C43776E11A8046A80017CE8D /* Rotten Tomatoes */,
				C43776F71A8046A80017CE8D /* Rotten TomatoesTests */,
				C43776E01A8046A80017CE8D /* Products */,
				DA9007CD822AFEDC682C18F9 /* Pods */,
				F7B245C2702169D0612C8BE6 /* Frameworks */,
			);
			sourceTree = "<group>";
		};
		C43776E01A8046A80017CE8D /* Products */ = {
			isa = PBXGroup;
			children = (
				C43776DF1A8046A80017CE8D /* Rotten Tomatoes.app */,
				C43776F41A8046A80017CE8D /* Rotten TomatoesTests.xctest */,
			);
			name = Products;
			sourceTree = "<group>";
		};
		C43776E11A8046A80017CE8D /* Rotten Tomatoes */ = {
			isa = PBXGroup;
			children = (
				C43777041A8048AB0017CE8D /* MoviesViewController.swift */,
				C43776E41A8046A80017CE8D /* AppDelegate.swift */,
				C43776E81A8046A80017CE8D /* Main.storyboard */,
				C43DE4081A84565D0004D4BD /* MovieDetailViewController.swift */,
				C43776EB1A8046A80017CE8D /* Images.xcassets */,
				C43776ED1A8046A80017CE8D /* LaunchScreen.xib */,
				C43776E21A8046A80017CE8D /* Supporting Files */,
				C47164BA1A834F110062A4F8 /* MovieCell.swift */,
			);
			path = "Rotten Tomatoes";
			sourceTree = "<group>";
		};
		C43776E21A8046A80017CE8D /* Supporting Files */ = {
			isa = PBXGroup;
			children = (
				C43776E31A8046A80017CE8D /* Info.plist */,
			);
			name = "Supporting Files";
			sourceTree = "<group>";
		};
		C43776F71A8046A80017CE8D /* Rotten TomatoesTests */ = {
			isa = PBXGroup;
			children = (
				C43776FA1A8046A80017CE8D /* Rotten_TomatoesTests.swift */,
				C43776F81A8046A80017CE8D /* Supporting Files */,
			);
			path = "Rotten TomatoesTests";
			sourceTree = "<group>";
		};
		C43776F81A8046A80017CE8D /* Supporting Files */ = {
			isa = PBXGroup;
			children = (
				C43776F91A8046A80017CE8D /* Info.plist */,
			);
			name = "Supporting Files";
			sourceTree = "<group>";
		};
		DA9007CD822AFEDC682C18F9 /* Pods */ = {
			isa = PBXGroup;
			children = (
				F0CF9B3AE457CDA44B96EF03 /* Pods.debug.xcconfig */,
				3C85BED69B36B07CC84A52FB /* Pods.release.xcconfig */,
				C43DE4051A8450FA0004D4BD /* Rotten Tomatoes-Bridging-Header.h */,
			);
			name = Pods;
			sourceTree = "<group>";
		};
		F7B245C2702169D0612C8BE6 /* Frameworks */ = {
			isa = PBXGroup;
			children = (
				AC63006DD24ED2A56E96B00C /* libPods.a */,
			);
			name = Frameworks;
			sourceTree = "<group>";
		};
/* End PBXGroup section */

/* Begin PBXNativeTarget section */
		C43776DE1A8046A80017CE8D /* Rotten Tomatoes */ = {
			isa = PBXNativeTarget;
			buildConfigurationList = C43776FE1A8046A80017CE8D /* Build configuration list for PBXNativeTarget "Rotten Tomatoes" */;
			buildPhases = (
				7885C40770CC4E91EF4A4745 /* Check Pods Manifest.lock */,
				C43776DB1A8046A80017CE8D /* Sources */,
				C43776DC1A8046A80017CE8D /* Frameworks */,
				C43776DD1A8046A80017CE8D /* Resources */,
				869D10CF1044270CD6A93D77 /* Copy Pods Resources */,
			);
			buildRules = (
			);
			dependencies = (
			);
			name = "Rotten Tomatoes";
			productName = "Rotten Tomatoes";
			productReference = C43776DF1A8046A80017CE8D /* Rotten Tomatoes.app */;
			productType = "com.apple.product-type.application";
		};
		C43776F31A8046A80017CE8D /* Rotten TomatoesTests */ = {
			isa = PBXNativeTarget;
			buildConfigurationList = C43777011A8046A80017CE8D /* Build configuration list for PBXNativeTarget "Rotten TomatoesTests" */;
			buildPhases = (
				C43776F01A8046A80017CE8D /* Sources */,
				C43776F11A8046A80017CE8D /* Frameworks */,
				C43776F21A8046A80017CE8D /* Resources */,
			);
			buildRules = (
			);
			dependencies = (
				C43776F61A8046A80017CE8D /* PBXTargetDependency */,
			);
			name = "Rotten TomatoesTests";
			productName = "Rotten TomatoesTests";
			productReference = C43776F41A8046A80017CE8D /* Rotten TomatoesTests.xctest */;
			productType = "com.apple.product-type.bundle.unit-test";
		};
/* End PBXNativeTarget section */

/* Begin PBXProject section */
		C43776D71A8046A80017CE8D /* Project object */ = {
			isa = PBXProject;
			attributes = {
				LastUpgradeCheck = 0610;
				ORGANIZATIONNAME = "Stephanie Wei";
				TargetAttributes = {
					C43776DE1A8046A80017CE8D = {
						CreatedOnToolsVersion = 6.1.1;
					};
					C43776F31A8046A80017CE8D = {
						CreatedOnToolsVersion = 6.1.1;
						TestTargetID = C43776DE1A8046A80017CE8D;
					};
				};
			};
			buildConfigurationList = C43776DA1A8046A80017CE8D /* Build configuration list for PBXProject "Rotten Tomatoes" */;
			compatibilityVersion = "Xcode 3.2";
			developmentRegion = English;
			hasScannedForEncodings = 0;
			knownRegions = (
				en,
				Base,
			);
			mainGroup = C43776D61A8046A80017CE8D;
			productRefGroup = C43776E01A8046A80017CE8D /* Products */;
			projectDirPath = "";
			projectRoot = "";
			targets = (
				C43776DE1A8046A80017CE8D /* Rotten Tomatoes */,
				C43776F31A8046A80017CE8D /* Rotten TomatoesTests */,
			);
		};
/* End PBXProject section */

/* Begin PBXResourcesBuildPhase section */
		C43776DD1A8046A80017CE8D /* Resources */ = {
			isa = PBXResourcesBuildPhase;
			buildActionMask = 2147483647;
			files = (
				C43776EA1A8046A80017CE8D /* Main.storyboard in Resources */,
				C43776EF1A8046A80017CE8D /* LaunchScreen.xib in Resources */,
				C43776EC1A8046A80017CE8D /* Images.xcassets in Resources */,
			);
			runOnlyForDeploymentPostprocessing = 0;
		};
		C43776F21A8046A80017CE8D /* Resources */ = {
			isa = PBXResourcesBuildPhase;
			buildActionMask = 2147483647;
			files = (
			);
			runOnlyForDeploymentPostprocessing = 0;
		};
/* End PBXResourcesBuildPhase section */

/* Begin PBXShellScriptBuildPhase section */
		7885C40770CC4E91EF4A4745 /* Check Pods Manifest.lock */ = {
			isa = PBXShellScriptBuildPhase;
			buildActionMask = 2147483647;
			files = (
			);
			inputPaths = (
			);
			name = "Check Pods Manifest.lock";
			outputPaths = (
			);
			runOnlyForDeploymentPostprocessing = 0;
			shellPath = /bin/sh;
			shellScript = "diff \"${PODS_ROOT}/../Podfile.lock\" \"${PODS_ROOT}/Manifest.lock\" > /dev/null\nif [[ $? != 0 ]] ; then\n    cat << EOM\nerror: The sandbox is not in sync with the Podfile.lock. Run 'pod install' or update your CocoaPods installation.\nEOM\n    exit 1\nfi\n";
			showEnvVarsInLog = 0;
		};
		869D10CF1044270CD6A93D77 /* Copy Pods Resources */ = {
			isa = PBXShellScriptBuildPhase;
			buildActionMask = 2147483647;
			files = (
			);
			inputPaths = (
			);
			name = "Copy Pods Resources";
			outputPaths = (
			);
			runOnlyForDeploymentPostprocessing = 0;
			shellPath = /bin/sh;
			shellScript = "\"${SRCROOT}/Pods/Target Support Files/Pods/Pods-resources.sh\"\n";
			showEnvVarsInLog = 0;
		};
/* End PBXShellScriptBuildPhase section */

/* Begin PBXSourcesBuildPhase section */
		C43776DB1A8046A80017CE8D /* Sources */ = {
			isa = PBXSourcesBuildPhase;
			buildActionMask = 2147483647;
			files = (
				C43DE4091A84565D0004D4BD /* MovieDetailViewController.swift in Sources */,
				C43776E51A8046A80017CE8D /* AppDelegate.swift in Sources */,
				C43777051A8048AB0017CE8D /* MoviesViewController.swift in Sources */,
				C47164BB1A834F110062A4F8 /* MovieCell.swift in Sources */,
			);
			runOnlyForDeploymentPostprocessing = 0;
		};
		C43776F01A8046A80017CE8D /* Sources */ = {
			isa = PBXSourcesBuildPhase;
			buildActionMask = 2147483647;
			files = (
				C43776FB1A8046A80017CE8D /* Rotten_TomatoesTests.swift in Sources */,
			);
			runOnlyForDeploymentPostprocessing = 0;
		};
/* End PBXSourcesBuildPhase section */

/* Begin PBXTargetDependency section */
		C43776F61A8046A80017CE8D /* PBXTargetDependency */ = {
			isa = PBXTargetDependency;
			target = C43776DE1A8046A80017CE8D /* Rotten Tomatoes */;
			targetProxy = C43776F51A8046A80017CE8D /* PBXContainerItemProxy */;
		};
/* End PBXTargetDependency section */

/* Begin PBXVariantGroup section */
		C43776E81A8046A80017CE8D /* Main.storyboard */ = {
			isa = PBXVariantGroup;
			children = (
				C43776E91A8046A80017CE8D /* Base */,
			);
			name = Main.storyboard;
			sourceTree = "<group>";
		};
		C43776ED1A8046A80017CE8D /* LaunchScreen.xib */ = {
			isa = PBXVariantGroup;
			children = (
				C43776EE1A8046A80017CE8D /* Base */,
			);
			name = LaunchScreen.xib;
			sourceTree = "<group>";
		};
/* End PBXVariantGroup section */

/* Begin XCBuildConfiguration section */
		C43776FC1A8046A80017CE8D /* Debug */ = {
			isa = XCBuildConfiguration;
			buildSettings = {
				ALWAYS_SEARCH_USER_PATHS = NO;
				CLANG_CXX_LANGUAGE_STANDARD = "gnu++0x";
				CLANG_CXX_LIBRARY = "libc++";
				CLANG_ENABLE_MODULES = YES;
				CLANG_ENABLE_OBJC_ARC = YES;
				CLANG_WARN_BOOL_CONVERSION = YES;
				CLANG_WARN_CONSTANT_CONVERSION = YES;
				CLANG_WARN_DIRECT_OBJC_ISA_USAGE = YES_ERROR;
				CLANG_WARN_EMPTY_BODY = YES;
				CLANG_WARN_ENUM_CONVERSION = YES;
				CLANG_WARN_INT_CONVERSION = YES;
				CLANG_WARN_OBJC_ROOT_CLASS = YES_ERROR;
				CLANG_WARN_UNREACHABLE_CODE = YES;
				CLANG_WARN__DUPLICATE_METHOD_MATCH = YES;
				"CODE_SIGN_IDENTITY[sdk=iphoneos*]" = "iPhone Developer";
				COPY_PHASE_STRIP = NO;
				ENABLE_STRICT_OBJC_MSGSEND = YES;
				GCC_C_LANGUAGE_STANDARD = gnu99;
				GCC_DYNAMIC_NO_PIC = NO;
				GCC_OPTIMIZATION_LEVEL = 0;
				GCC_PREPROCESSOR_DEFINITIONS = (
					"DEBUG=1",
					"$(inherited)",
				);
				GCC_SYMBOLS_PRIVATE_EXTERN = NO;
				GCC_WARN_64_TO_32_BIT_CONVERSION = YES;
				GCC_WARN_ABOUT_RETURN_TYPE = YES_ERROR;
				GCC_WARN_UNDECLARED_SELECTOR = YES;
				GCC_WARN_UNINITIALIZED_AUTOS = YES_AGGRESSIVE;
				GCC_WARN_UNUSED_FUNCTION = YES;
				GCC_WARN_UNUSED_VARIABLE = YES;
				IPHONEOS_DEPLOYMENT_TARGET = 8.1;
				MTL_ENABLE_DEBUG_INFO = YES;
				ONLY_ACTIVE_ARCH = YES;
				SDKROOT = iphoneos;
				SWIFT_OPTIMIZATION_LEVEL = "-Onone";
			};
			name = Debug;
		};
		C43776FD1A8046A80017CE8D /* Release */ = {
			isa = XCBuildConfiguration;
			buildSettings = {
				ALWAYS_SEARCH_USER_PATHS = NO;
				CLANG_CXX_LANGUAGE_STANDARD = "gnu++0x";
				CLANG_CXX_LIBRARY = "libc++";
				CLANG_ENABLE_MODULES = YES;
				CLANG_ENABLE_OBJC_ARC = YES;
				CLANG_WARN_BOOL_CONVERSION = YES;
				CLANG_WARN_CONSTANT_CONVERSION = YES;
				CLANG_WARN_DIRECT_OBJC_ISA_USAGE = YES_ERROR;
				CLANG_WARN_EMPTY_BODY = YES;
				CLANG_WARN_ENUM_CONVERSION = YES;
				CLANG_WARN_INT_CONVERSION = YES;
				CLANG_WARN_OBJC_ROOT_CLASS = YES_ERROR;
				CLANG_WARN_UNREACHABLE_CODE = YES;
				CLANG_WARN__DUPLICATE_METHOD_MATCH = YES;
				"CODE_SIGN_IDENTITY[sdk=iphoneos*]" = "iPhone Developer";
				COPY_PHASE_STRIP = YES;
				ENABLE_NS_ASSERTIONS = NO;
				ENABLE_STRICT_OBJC_MSGSEND = YES;
				GCC_C_LANGUAGE_STANDARD = gnu99;
				GCC_WARN_64_TO_32_BIT_CONVERSION = YES;
				GCC_WARN_ABOUT_RETURN_TYPE = YES_ERROR;
				GCC_WARN_UNDECLARED_SELECTOR = YES;
				GCC_WARN_UNINITIALIZED_AUTOS = YES_AGGRESSIVE;
				GCC_WARN_UNUSED_FUNCTION = YES;
				GCC_WARN_UNUSED_VARIABLE = YES;
				IPHONEOS_DEPLOYMENT_TARGET = 8.1;
				MTL_ENABLE_DEBUG_INFO = NO;
				SDKROOT = iphoneos;
				VALIDATE_PRODUCT = YES;
			};
			name = Release;
		};
		C43776FF1A8046A80017CE8D /* Debug */ = {
			isa = XCBuildConfiguration;
			baseConfigurationReference = F0CF9B3AE457CDA44B96EF03 /* Pods.debug.xcconfig */;
			buildSettings = {
				ASSETCATALOG_COMPILER_APPICON_NAME = AppIcon;
				CLANG_ENABLE_MODULES = YES;
				INFOPLIST_FILE = "Rotten Tomatoes/Info.plist";
				LD_RUNPATH_SEARCH_PATHS = "$(inherited) @executable_path/Frameworks";
				PRODUCT_NAME = "$(TARGET_NAME)";
				SWIFT_OBJC_BRIDGING_HEADER = "Rotten Tomatoes-Bridging-Header.h";
				SWIFT_OPTIMIZATION_LEVEL = "-Onone";
			};
			name = Debug;
		};
		C43777001A8046A80017CE8D /* Release */ = {
			isa = XCBuildConfiguration;
			baseConfigurationReference = 3C85BED69B36B07CC84A52FB /* Pods.release.xcconfig */;
			buildSettings = {
				ASSETCATALOG_COMPILER_APPICON_NAME = AppIcon;
				CLANG_ENABLE_MODULES = YES;
				INFOPLIST_FILE = "Rotten Tomatoes/Info.plist";
				LD_RUNPATH_SEARCH_PATHS = "$(inherited) @executable_path/Frameworks";
				PRODUCT_NAME = "$(TARGET_NAME)";
				SWIFT_OBJC_BRIDGING_HEADER = "Rotten Tomatoes-Bridging-Header.h";
			};
			name = Release;
		};
		C43777021A8046A80017CE8D /* Debug */ = {
			isa = XCBuildConfiguration;
			buildSettings = {
				BUNDLE_LOADER = "$(TEST_HOST)";
				FRAMEWORK_SEARCH_PATHS = (
					"$(SDKROOT)/Developer/Library/Frameworks",
					"$(inherited)",
				);
				GCC_PREPROCESSOR_DEFINITIONS = (
					"DEBUG=1",
					"$(inherited)",
				);
				INFOPLIST_FILE = "Rotten TomatoesTests/Info.plist";
				LD_RUNPATH_SEARCH_PATHS = "$(inherited) @executable_path/Frameworks @loader_path/Frameworks";
				PRODUCT_NAME = "$(TARGET_NAME)";
				TEST_HOST = "$(BUILT_PRODUCTS_DIR)/Rotten Tomatoes.app/Rotten Tomatoes";
			};
			name = Debug;
		};
		C43777031A8046A80017CE8D /* Release */ = {
			isa = XCBuildConfiguration;
			buildSettings = {
				BUNDLE_LOADER = "$(TEST_HOST)";
				FRAMEWORK_SEARCH_PATHS = (
					"$(SDKROOT)/Developer/Library/Frameworks",
					"$(inherited)",
				);
				INFOPLIST_FILE = "Rotten TomatoesTests/Info.plist";
				LD_RUNPATH_SEARCH_PATHS = "$(inherited) @executable_path/Frameworks @loader_path/Frameworks";
				PRODUCT_NAME = "$(TARGET_NAME)";
				TEST_HOST = "$(BUILT_PRODUCTS_DIR)/Rotten Tomatoes.app/Rotten Tomatoes";
			};
			name = Release;
		};
/* End XCBuildConfiguration section */

/* Begin XCConfigurationList section */
		C43776DA1A8046A80017CE8D /* Build configuration list for PBXProject "Rotten Tomatoes" */ = {
			isa = XCConfigurationList;
			buildConfigurations = (
				C43776FC1A8046A80017CE8D /* Debug */,
				C43776FD1A8046A80017CE8D /* Release */,
			);
			defaultConfigurationIsVisible = 0;
			defaultConfigurationName = Release;
		};
		C43776FE1A8046A80017CE8D /* Build configuration list for PBXNativeTarget "Rotten Tomatoes" */ = {
			isa = XCConfigurationList;
			buildConfigurations = (
				C43776FF1A8046A80017CE8D /* Debug */,
				C43777001A8046A80017CE8D /* Release */,
			);
			defaultConfigurationIsVisible = 0;
			defaultConfigurationName = Release;
		};
		C43777011A8046A80017CE8D /* Build configuration list for PBXNativeTarget "Rotten TomatoesTests" */ = {
			isa = XCConfigurationList;
			buildConfigurations = (
				C43777021A8046A80017CE8D /* Debug */,
				C43777031A8046A80017CE8D /* Release */,
			);
			defaultConfigurationIsVisible = 0;
			defaultConfigurationName = Release;
		};
/* End XCConfigurationList section */
	};
	rootObject = C43776D71A8046A80017CE8D /* Project object */;
}
